
Microsoft Visual Studio Solution File, Format Version 12.00
# Visual Studio 15
VisualStudioVersion = 15.0.27703.2047
MinimumVisualStudioVersion = 10.0.40219.1
Project("{FAE04EC0-301F-11D3-BF4B-00C04F79EFBC}") = "BibliotecaOnline.Web", "BibliotecaOnline.Web\BibliotecaOnline.Web.csproj", "{9F571704-54F3-42A8-A22B-488C06C9CD99}"
EndProject
Project("{FAE04EC0-301F-11D3-BF4B-00C04F79EFBC}") = "BibliotecaOnline.Modelo", "Modelo\BibliotecaOnline.Modelo.csproj", "{22FEF191-C91A-43BC-892A-4A1EBF09B488}"
EndProject
Project("{FAE04EC0-301F-11D3-BF4B-00C04F79EFBC}") = "BibliotecaOnline.Data", "BibliotecaOnline.Data\BibliotecaOnline.Data.csproj", "{920ED4F4-F1C2-497B-B52E-0D65F0484103}"
EndProject
Global
	GlobalSection(SolutionConfigurationPlatforms) = preSolution
		Debug|Any CPU = Debug|Any CPU
		Release|Any CPU = Release|Any CPU
	EndGlobalSection
	GlobalSection(ProjectConfigurationPlatforms) = postSolution
		{9F571704-54F3-42A8-A22B-488C06C9CD99}.Debug|Any CPU.ActiveCfg = Debug|Any CPU
		{9F571704-54F3-42A8-A22B-488C06C9CD99}.Debug|Any CPU.Build.0 = Debug|Any CPU
		{9F571704-54F3-42A8-A22B-488C06C9CD99}.Release|Any CPU.ActiveCfg = Release|Any CPU
		{9F571704-54F3-42A8-A22B-488C06C9CD99}.Release|Any CPU.Build.0 = Release|Any CPU
		{22FEF191-C91A-43BC-892A-4A1EBF09B488}.Debug|Any CPU.ActiveCfg = Debug|Any CPU
		{22FEF191-C91A-43BC-892A-4A1EBF09B488}.Debug|Any CPU.Build.0 = Debug|Any CPU
		{22FEF191-C91A-43BC-892A-4A1EBF09B488}.Release|Any CPU.ActiveCfg = Release|Any CPU
		{22FEF191-C91A-43BC-892A-4A1EBF09B488}.Release|Any CPU.Build.0 = Release|Any CPU
		{920ED4F4-F1C2-497B-B52E-0D65F0484103}.Debug|Any CPU.ActiveCfg = Debug|Any CPU
		{920ED4F4-F1C2-497B-B52E-0D65F0484103}.Debug|Any CPU.Build.0 = Debug|Any CPU
		{920ED4F4-F1C2-497B-B52E-0D65F0484103}.Release|Any CPU.ActiveCfg = Release|Any CPU
		{920ED4F4-F1C2-497B-B52E-0D65F0484103}.Release|Any CPU.Build.0 = Release|Any CPU
	EndGlobalSection
	GlobalSection(SolutionProperties) = preSolution
		HideSolutionNode = FALSE
	EndGlobalSection
	GlobalSection(ExtensibilityGlobals) = postSolution
		SolutionGuid = {BC4A0A1B-6763-4C6F-A138-82AB67C80855}
	EndGlobalSection
EndGlobal
